
Microsoft Visual Studio Solution File, Format Version 10.00
# Visual C++ Express 2008
Project("{8BC9CEB8-8B4A-11D0-8D11-00A0C91BC942}") = "Hbeat", "Hbeat.vcproj", "{8C1E71C7-3A7C-46A8-A3C5-A5F75F48C0BD}"
EndProject
Global
	GlobalSection(SolutionConfigurationPlatforms) = preSolution
		Debug|Win32 = Debug|Win32
		Release|Win32 = Release|Win32
	EndGlobalSection
	GlobalSection(ProjectConfigurationPlatforms) = postSolution
		{8C1E71C7-3A7C-46A8-A3C5-A5F75F48C0BD}.Debug|Win32.ActiveCfg = Debug|Win32
		{8C1E71C7-3A7C-46A8-A3C5-A5F75F48C0BD}.Debug|Win32.Build.0 = Debug|Win32
		{8C1E71C7-3A7C-46A8-A3C5-A5F75F48C0BD}.Release|Win32.ActiveCfg = Release|Win32
		{8C1E71C7-3A7C-46A8-A3C5-A5F75F48C0BD}.Release|Win32.Build.0 = Release|Win32
	EndGlobalSection
	GlobalSection(SolutionProperties) = preSolution
		HideSolutionNode = FALSE
	EndGlobalSection
EndGlobal
