
Microsoft Visual Studio Solution File, Format Version 10.00
# Visual C++ Express 2008
Project("{8BC9CEB8-8B4A-11D0-8D11-00A0C91BC942}") = "Installer", "Installer.vcproj", "{62749B7D-C2D6-42FC-8978-5FB0B9027CDE}"
EndProject
Global
	GlobalSection(SolutionConfigurationPlatforms) = preSolution
		Debug|Win32 = Debug|Win32
		Release|Win32 = Release|Win32
	EndGlobalSection
	GlobalSection(ProjectConfigurationPlatforms) = postSolution
		{62749B7D-C2D6-42FC-8978-5FB0B9027CDE}.Debug|Win32.ActiveCfg = Debug|Win32
		{62749B7D-C2D6-42FC-8978-5FB0B9027CDE}.Debug|Win32.Build.0 = Debug|Win32
		{62749B7D-C2D6-42FC-8978-5FB0B9027CDE}.Release|Win32.ActiveCfg = Release|Win32
		{62749B7D-C2D6-42FC-8978-5FB0B9027CDE}.Release|Win32.Build.0 = Release|Win32
	EndGlobalSection
	GlobalSection(SolutionProperties) = preSolution
		HideSolutionNode = FALSE
	EndGlobalSection
EndGlobal
